
Microsoft Visual Studio Solution File, Format Version 12.00
# Visual Studio Version 17
VisualStudioVersion = 17.9.34526.213
MinimumVisualStudioVersion = 10.0.40219.1
Project("{FAE04EC0-301F-11D3-BF4B-00C04F79EFBC}") = "Staj_Otomasyonu1", "Staj_Otomasyonu1\Staj_Otomasyonu1.csproj", "{8AED6C71-E821-4526-A06C-A3799C96D99A}"
EndProject
Global
	GlobalSection(SolutionConfigurationPlatforms) = preSolution
		Debug|Any CPU = Debug|Any CPU
		Release|Any CPU = Release|Any CPU
	EndGlobalSection
	GlobalSection(ProjectConfigurationPlatforms) = postSolution
		{8AED6C71-E821-4526-A06C-A3799C96D99A}.Debug|Any CPU.ActiveCfg = Debug|Any CPU
		{8AED6C71-E821-4526-A06C-A3799C96D99A}.Debug|Any CPU.Build.0 = Debug|Any CPU
		{8AED6C71-E821-4526-A06C-A3799C96D99A}.Release|Any CPU.ActiveCfg = Release|Any CPU
		{8AED6C71-E821-4526-A06C-A3799C96D99A}.Release|Any CPU.Build.0 = Release|Any CPU
	EndGlobalSection
	GlobalSection(SolutionProperties) = preSolution
		HideSolutionNode = FALSE
	EndGlobalSection
	GlobalSection(ExtensibilityGlobals) = postSolution
		SolutionGuid = {A2C43F87-53E9-478E-80EA-E4F7923B85F1}
	EndGlobalSection
EndGlobal
